// !$*UTF8*$!
{
	archiveVersion = 1;
	classes = {
	};
	objectVersion = 50;
	objects = {

/* Begin PBXBuildFile section */
		45334AF22373A84700D0BDBF /* AppDelegate.swift in Sources */ = {isa = PBXBuildFile; fileRef = 45334AF12373A84700D0BDBF /* AppDelegate.swift */; };
		45334AF42373A84700D0BDBF /* SceneDelegate.swift in Sources */ = {isa = PBXBuildFile; fileRef = 45334AF32373A84700D0BDBF /* SceneDelegate.swift */; };
		45334AF62373A84700D0BDBF /* ViewController.swift in Sources */ = {isa = PBXBuildFile; fileRef = 45334AF52373A84700D0BDBF /* ViewController.swift */; };
		45334AF92373A84700D0BDBF /* Main.storyboard in Resources */ = {isa = PBXBuildFile; fileRef = 45334AF72373A84700D0BDBF /* Main.storyboard */; };
		45334AFB2373A84F00D0BDBF /* Assets.xcassets in Resources */ = {isa = PBXBuildFile; fileRef = 45334AFA2373A84F00D0BDBF /* Assets.xcassets */; };
		45334AFE2373A84F00D0BDBF /* LaunchScreen.storyboard in Resources */ = {isa = PBXBuildFile; fileRef = 45334AFC2373A84F00D0BDBF /* LaunchScreen.storyboard */; };
/* End PBXBuildFile section */

/* Begin PBXFileReference section */
		45334AEE2373A84700D0BDBF /* TestAd.app */ = {isa = PBXFileReference; explicitFileType = wrapper.application; includeInIndex = 0; path = TestAd.app; sourceTree = BUILT_PRODUCTS_DIR; };
		45334AF12373A84700D0BDBF /* AppDelegate.swift */ = {isa = PBXFileReference; lastKnownFileType = sourcecode.swift; path = AppDelegate.swift; sourceTree = "<group>"; };
		45334AF32373A84700D0BDBF /* SceneDelegate.swift */ = {isa = PBXFileReference; lastKnownFileType = sourcecode.swift; path = SceneDelegate.swift; sourceTree = "<group>"; };
		45334AF52373A84700D0BDBF /* ViewController.swift */ = {isa = PBXFileReference; lastKnownFileType = sourcecode.swift; path = ViewController.swift; sourceTree = "<group>"; };
		45334AF82373A84700D0BDBF /* Base */ = {isa = PBXFileReference; lastKnownFileType = file.storyboard; name = Base; path = Base.lproj/Main.storyboard; sourceTree = "<group>"; };
		45334AFA2373A84F00D0BDBF /* Assets.xcassets */ = {isa = PBXFileReference; lastKnownFileType = folder.assetcatalog; path = Assets.xcassets; sourceTree = "<group>"; };
		45334AFD2373A84F00D0BDBF /* Base */ = {isa = PBXFileReference; lastKnownFileType = file.storyboard; name = Base; path = Base.lproj/LaunchScreen.storyboard; sourceTree = "<group>"; };
		45334AFF2373A84F00D0BDBF /* Info.plist */ = {isa = PBXFileReference; lastKnownFileType = text.plist.xml; path = Info.plist; sourceTree = "<group>"; };
/* End PBXFileReference section */

/* Begin PBXFrameworksBuildPhase section */
		45334AEB2373A84700D0BDBF /* Frameworks */ = {
			isa = PBXFrameworksBuildPhase;
			buildActionMask = 2147483647;
			files = (
			);
			runOnlyForDeploymentPostprocessing = 0;
		};
/* End PBXFrameworksBuildPhase section */

/* Begin PBXGroup section */
		45334AE52373A84700D0BDBF = {
			isa = PBXGroup;
			children = (
				45334AF02373A84700D0BDBF /* TestAd */,
				45334AEF2373A84700D0BDBF /* Products */,
			);
			sourceTree = "<group>";
		};
		45334AEF2373A84700D0BDBF /* Products */ = {
			isa = PBXGroup;
			children = (
				45334AEE2373A84700D0BDBF /* TestAd.app */,
			);
			name = Products;
			sourceTree = "<group>";
		};
		45334AF02373A84700D0BDBF /* TestAd */ = {
			isa = PBXGroup;
			children = (
				45334AF12373A84700D0BDBF /* AppDelegate.swift */,
				45334AF32373A84700D0BDBF /* SceneDelegate.swift */,
				45334AF52373A84700D0BDBF /* ViewController.swift */,
				45334AF72373A84700D0BDBF /* Main.storyboard */,
				45334AFA2373A84F00D0BDBF /* Assets.xcassets */,
				45334AFC2373A84F00D0BDBF /* LaunchScreen.storyboard */,
				45334AFF2373A84F00D0BDBF /* Info.plist */,
			);
			path = TestAd;
			sourceTree = "<group>";
		};
/* End PBXGroup section */

/* Begin PBXNativeTarget section */
		45334AED2373A84700D0BDBF /* TestAd */ = {
			isa = PBXNativeTarget;
			buildConfigurationList = 45334B022373A84F00D0BDBF /* Build configuration list for PBXNativeTarget "TestAd" */;
			buildPhases = (
				45334AEA2373A84700D0BDBF /* Sources */,
				45334AEB2373A84700D0BDBF /* Frameworks */,
				45334AEC2373A84700D0BDBF /* Resources */,
			);
			buildRules = (
			);
			dependencies = (
			);
			name = TestAd;
			productName = TestAd;
			productReference = 45334AEE2373A84700D0BDBF /* TestAd.app */;
			productType = "com.apple.product-type.application";
		};
/* End PBXNativeTarget section */

/* Begin PBXProject section */
		45334AE62373A84700D0BDBF /* Project object */ = {
			isa = PBXProject;
			attributes = {
				LastSwiftUpdateCheck = 1120;
				LastUpgradeCheck = 1120;
				ORGANIZATIONNAME = swant;
				TargetAttributes = {
					45334AED2373A84700D0BDBF = {
						CreatedOnToolsVersion = 11.2;
					};
				};
			};
			buildConfigurationList = 45334AE92373A84700D0BDBF /* Build configuration list for PBXProject "TestAd" */;
			compatibilityVersion = "Xcode 9.3";
			developmentRegion = en;
			hasScannedForEncodings = 0;
			knownRegions = (
				en,
				Base,
			);
			mainGroup = 45334AE52373A84700D0BDBF;
			productRefGroup = 45334AEF2373A84700D0BDBF /* Products */;
			projectDirPath = "";
			projectRoot = "";
			targets = (
				45334AED2373A84700D0BDBF /* TestAd */,
			);
		};
/* End PBXProject section */

/* Begin PBXResourcesBuildPhase section */
		45334AEC2373A84700D0BDBF /* Resources */ = {
			isa = PBXResourcesBuildPhase;
			buildActionMask = 2147483647;
			files = (
				45334AFE2373A84F00D0BDBF /* LaunchScreen.storyboard in Resources */,
				45334AFB2373A84F00D0BDBF /* Assets.xcassets in Resources */,
				45334AF92373A84700D0BDBF /* Main.storyboard in Resources */,
			);
			runOnlyForDeploymentPostprocessing = 0;
		};
/* End PBXResourcesBuildPhase section */

/* Begin PBXSourcesBuildPhase section */
		45334AEA2373A84700D0BDBF /* Sources */ = {
			isa = PBXSourcesBuildPhase;
			buildActionMask = 2147483647;
			files = (
				45334AF62373A84700D0BDBF /* ViewController.swift in Sources */,
				45334AF22373A84700D0BDBF /* AppDelegate.swift in Sources */,
				45334AF42373A84700D0BDBF /* SceneDelegate.swift in Sources */,
			);
			runOnlyForDeploymentPostprocessing = 0;
		};
/* End PBXSourcesBuildPhase section */

/* Begin PBXVariantGroup section */
		45334AF72373A84700D0BDBF /* Main.storyboard */ = {
			isa = PBXVariantGroup;
			children = (
				45334AF82373A84700D0BDBF /* Base */,
			);
			name = Main.storyboard;
			sourceTree = "<group>";
		};
		45334AFC2373A84F00D0BDBF /* LaunchScreen.storyboard */ = {
			isa = PBXVariantGroup;
			children = (
				45334AFD2373A84F00D0BDBF /* Base */,
			);
			name = LaunchScreen.storyboard;
			sourceTree = "<group>";
		};
/* End PBXVariantGroup section */

/* Begin XCBuildConfiguration section */
		45334B002373A84F00D0BDBF /* Debug */ = {
			isa = XCBuildConfiguration;
			buildSettings = {
				ALWAYS_SEARCH_USER_PATHS = NO;
				CLANG_ANALYZER_NONNULL = YES;
				CLANG_ANALYZER_NUMBER_OBJECT_CONVERSION = YES_AGGRESSIVE;
				CLANG_CXX_LANGUAGE_STANDARD = "gnu++14";
				CLANG_CXX_LIBRARY = "libc++";
				CLANG_ENABLE_MODULES = YES;
				CLANG_ENABLE_OBJC_ARC = YES;
				CLANG_ENABLE_OBJC_WEAK = YES;
				CLANG_WARN_BLOCK_CAPTURE_AUTORELEASING = YES;
				CLANG_WARN_BOOL_CONVERSION = YES;
				CLANG_WARN_COMMA = YES;
				CLANG_WARN_CONSTANT_CONVERSION = YES;
				CLANG_WARN_DEPRECATED_OBJC_IMPLEMENTATIONS = YES;
				CLANG_WARN_DIRECT_OBJC_ISA_USAGE = YES_ERROR;
				CLANG_WARN_DOCUMENTATION_COMMENTS = YES;
				CLANG_WARN_EMPTY_BODY = YES;
				CLANG_WARN_ENUM_CONVERSION = YES;
				CLANG_WARN_INFINITE_RECURSION = YES;
				CLANG_WARN_INT_CONVERSION = YES;
				CLANG_WARN_NON_LITERAL_NULL_CONVERSION = YES;
				CLANG_WARN_OBJC_IMPLICIT_RETAIN_SELF = YES;
				CLANG_WARN_OBJC_LITERAL_CONVERSION = YES;
				CLANG_WARN_OBJC_ROOT_CLASS = YES_ERROR;
				CLANG_WARN_RANGE_LOOP_ANALYSIS = YES;
				CLANG_WARN_STRICT_PROTOTYPES = YES;
				CLANG_WARN_SUSPICIOUS_MOVE = YES;
				CLANG_WARN_UNGUARDED_AVAILABILITY = YES_AGGRESSIVE;
				CLANG_WARN_UNREACHABLE_CODE = YES;
				CLANG_WARN__DUPLICATE_METHOD_MATCH = YES;
				COPY_PHASE_STRIP = NO;
				DEBUG_INFORMATION_FORMAT = dwarf;
				ENABLE_STRICT_OBJC_MSGSEND = YES;
				ENABLE_TESTABILITY = YES;
				GCC_C_LANGUAGE_STANDARD = gnu11;
				GCC_DYNAMIC_NO_PIC = NO;
				GCC_NO_COMMON_BLOCKS = YES;
				GCC_OPTIMIZATION_LEVEL = 0;
				GCC_PREPROCESSOR_DEFINITIONS = (
					"DEBUG=1",
					"$(inherited)",
				);
				GCC_WARN_64_TO_32_BIT_CONVERSION = YES;
				GCC_WARN_ABOUT_RETURN_TYPE = YES_ERROR;
				GCC_WARN_UNDECLARED_SELECTOR = YES;
				GCC_WARN_UNINITIALIZED_AUTOS = YES_AGGRESSIVE;
				GCC_WARN_UNUSED_FUNCTION = YES;
				GCC_WARN_UNUSED_VARIABLE = YES;
				IPHONEOS_DEPLOYMENT_TARGET = 13.2;
				MTL_ENABLE_DEBUG_INFO = INCLUDE_SOURCE;
				MTL_FAST_MATH = YES;
				ONLY_ACTIVE_ARCH = YES;
				SDKROOT = iphoneos;
				SWIFT_ACTIVE_COMPILATION_CONDITIONS = DEBUG;
				SWIFT_OPTIMIZATION_LEVEL = "-Onone";
			};
			name = Debug;
		};
		45334B012373A84F00D0BDBF /* Release */ = {
			isa = XCBuildConfiguration;
			buildSettings = {
				ALWAYS_SEARCH_USER_PATHS = NO;
				CLANG_ANALYZER_NONNULL = YES;
				CLANG_ANALYZER_NUMBER_OBJECT_CONVERSION = YES_AGGRESSIVE;
				CLANG_CXX_LANGUAGE_STANDARD = "gnu++14";
				CLANG_CXX_LIBRARY = "libc++";
				CLANG_ENABLE_MODULES = YES;
				CLANG_ENABLE_OBJC_ARC = YES;
				CLANG_ENABLE_OBJC_WEAK = YES;
				CLANG_WARN_BLOCK_CAPTURE_AUTORELEASING = YES;
				CLANG_WARN_BOOL_CONVERSION = YES;
				CLANG_WARN_COMMA = YES;
				CLANG_WARN_CONSTANT_CONVERSION = YES;
				CLANG_WARN_DEPRECATED_OBJC_IMPLEMENTATIONS = YES;
				CLANG_WARN_DIRECT_OBJC_ISA_USAGE = YES_ERROR;
				CLANG_WARN_DOCUMENTATION_COMMENTS = YES;
				CLANG_WARN_EMPTY_BODY = YES;
				CLANG_WARN_ENUM_CONVERSION = YES;
				CLANG_WARN_INFINITE_RECURSION = YES;
				CLANG_WARN_INT_CONVERSION = YES;
				CLANG_WARN_NON_LITERAL_NULL_CONVERSION = YES;
				CLANG_WARN_OBJC_IMPLICIT_RETAIN_SELF = YES;
				CLANG_WARN_OBJC_LITERAL_CONVERSION = YES;
				CLANG_WARN_OBJC_ROOT_CLASS = YES_ERROR;
				CLANG_WARN_RANGE_LOOP_ANALYSIS = YES;
				CLANG_WARN_STRICT_PROTOTYPES = YES;
				CLANG_WARN_SUSPICIOUS_MOVE = YES;
				CLANG_WARN_UNGUARDED_AVAILABILITY = YES_AGGRESSIVE;
				CLANG_WARN_UNREACHABLE_CODE = YES;
				CLANG_WARN__DUPLICATE_METHOD_MATCH = YES;
				COPY_PHASE_STRIP = NO;
				DEBUG_INFORMATION_FORMAT = "dwarf-with-dsym";
				ENABLE_NS_ASSERTIONS = NO;
				ENABLE_STRICT_OBJC_MSGSEND = YES;
				GCC_C_LANGUAGE_STANDARD = gnu11;
				GCC_NO_COMMON_BLOCKS = YES;
				GCC_WARN_64_TO_32_BIT_CONVERSION = YES;
				GCC_WARN_ABOUT_RETURN_TYPE = YES_ERROR;
				GCC_WARN_UNDECLARED_SELECTOR = YES;
				GCC_WARN_UNINITIALIZED_AUTOS = YES_AGGRESSIVE;
				GCC_WARN_UNUSED_FUNCTION = YES;
				GCC_WARN_UNUSED_VARIABLE = YES;
				IPHONEOS_DEPLOYMENT_TARGET = 13.2;
				MTL_ENABLE_DEBUG_INFO = NO;
				MTL_FAST_MATH = YES;
				SDKROOT = iphoneos;
				SWIFT_COMPILATION_MODE = wholemodule;
				SWIFT_OPTIMIZATION_LEVEL = "-O";
				VALIDATE_PRODUCT = YES;
			};
			name = Release;
		};
		45334B032373A84F00D0BDBF /* Debug */ = {
			isa = XCBuildConfiguration;
			buildSettings = {
				ASSETCATALOG_COMPILER_APPICON_NAME = AppIcon;
				CODE_SIGN_STYLE = Automatic;
				DEVELOPMENT_TEAM = 8ZYUKF923M;
				INFOPLIST_FILE = TestAd/Info.plist;
				LD_RUNPATH_SEARCH_PATHS = (
					"$(inherited)",
					"@executable_path/Frameworks",
				);
				PRODUCT_BUNDLE_IDENTIFIER = edu.tjrac.swant.TestAd;
				PRODUCT_NAME = "$(TARGET_NAME)";
				SWIFT_VERSION = 5.0;
				TARGETED_DEVICE_FAMILY = "1,2";
			};
			name = Debug;
		};
		45334B042373A84F00D0BDBF /* Release */ = {
			isa = XCBuildConfiguration;
			buildSettings = {
				ASSETCATALOG_COMPILER_APPICON_NAME = AppIcon;
				CODE_SIGN_STYLE = Automatic;
				DEVELOPMENT_TEAM = 8ZYUKF923M;
				INFOPLIST_FILE = TestAd/Info.plist;
				LD_RUNPATH_SEARCH_PATHS = (
					"$(inherited)",
					"@executable_path/Frameworks",
				);
				PRODUCT_BUNDLE_IDENTIFIER = edu.tjrac.swant.TestAd;
				PRODUCT_NAME = "$(TARGET_NAME)";
				SWIFT_VERSION = 5.0;
				TARGETED_DEVICE_FAMILY = "1,2";
			};
			name = Release;
		};
/* End XCBuildConfiguration section */

/* Begin XCConfigurationList section */
		45334AE92373A84700D0BDBF /* Build configuration list for PBXProject "TestAd" */ = {
			isa = XCConfigurationList;
			buildConfigurations = (
				45334B002373A84F00D0BDBF /* Debug */,
				45334B012373A84F00D0BDBF /* Release */,
			);
			defaultConfigurationIsVisible = 0;
			defaultConfigurationName = Release;
		};
		45334B022373A84F00D0BDBF /* Build configuration list for PBXNativeTarget "TestAd" */ = {
			isa = XCConfigurationList;
			buildConfigurations = (
				45334B032373A84F00D0BDBF /* Debug */,
				45334B042373A84F00D0BDBF /* Release */,
			);
			defaultConfigurationIsVisible = 0;
			defaultConfigurationName = Release;
		};
/* End XCConfigurationList section */
	};
	rootObject = 45334AE62373A84700D0BDBF /* Project object */;
}
